
Microsoft Visual Studio Solution File, Format Version 12.00
# Visual Studio Version 16
VisualStudioVersion = 16.0.30907.101
MinimumVisualStudioVersion = 10.0.40219.1
Project("{FAE04EC0-301F-11D3-BF4B-00C04F79EFBC}") = "Calculator", "Calculator.csproj", "{36151245-39E4-446A-94B3-3C3F4E00C762}"
EndProject
Global
	GlobalSection(SolutionConfigurationPlatforms) = preSolution
		Debug|ARM = Debug|ARM
		Debug|ARM64 = Debug|ARM64
		Debug|x64 = Debug|x64
		Debug|x86 = Debug|x86
		Release|ARM = Release|ARM
		Release|ARM64 = Release|ARM64
		Release|x64 = Release|x64
		Release|x86 = Release|x86
	EndGlobalSection
	GlobalSection(ProjectConfigurationPlatforms) = postSolution
		{36151245-39E4-446A-94B3-3C3F4E00C762}.Debug|ARM.ActiveCfg = Debug|ARM
		{36151245-39E4-446A-94B3-3C3F4E00C762}.Debug|ARM.Build.0 = Debug|ARM
		{36151245-39E4-446A-94B3-3C3F4E00C762}.Debug|ARM.Deploy.0 = Debug|ARM
		{36151245-39E4-446A-94B3-3C3F4E00C762}.Debug|ARM64.ActiveCfg = Debug|ARM64
		{36151245-39E4-446A-94B3-3C3F4E00C762}.Debug|ARM64.Build.0 = Debug|ARM64
		{36151245-39E4-446A-94B3-3C3F4E00C762}.Debug|ARM64.Deploy.0 = Debug|ARM64
		{36151245-39E4-446A-94B3-3C3F4E00C762}.Debug|x64.ActiveCfg = Debug|x64
		{36151245-39E4-446A-94B3-3C3F4E00C762}.Debug|x64.Build.0 = Debug|x64
		{36151245-39E4-446A-94B3-3C3F4E00C762}.Debug|x64.Deploy.0 = Debug|x64
		{36151245-39E4-446A-94B3-3C3F4E00C762}.Debug|x86.ActiveCfg = Debug|x86
		{36151245-39E4-446A-94B3-3C3F4E00C762}.Debug|x86.Build.0 = Debug|x86
		{36151245-39E4-446A-94B3-3C3F4E00C762}.Debug|x86.Deploy.0 = Debug|x86
		{36151245-39E4-446A-94B3-3C3F4E00C762}.Release|ARM.ActiveCfg = Release|ARM
		{36151245-39E4-446A-94B3-3C3F4E00C762}.Release|ARM.Build.0 = Release|ARM
		{36151245-39E4-446A-94B3-3C3F4E00C762}.Release|ARM.Deploy.0 = Release|ARM
		{36151245-39E4-446A-94B3-3C3F4E00C762}.Release|ARM64.ActiveCfg = Release|ARM64
		{36151245-39E4-446A-94B3-3C3F4E00C762}.Release|ARM64.Build.0 = Release|ARM64
		{36151245-39E4-446A-94B3-3C3F4E00C762}.Release|ARM64.Deploy.0 = Release|ARM64
		{36151245-39E4-446A-94B3-3C3F4E00C762}.Release|x64.ActiveCfg = Release|x64
		{36151245-39E4-446A-94B3-3C3F4E00C762}.Release|x64.Build.0 = Release|x64
		{36151245-39E4-446A-94B3-3C3F4E00C762}.Release|x64.Deploy.0 = Release|x64
		{36151245-39E4-446A-94B3-3C3F4E00C762}.Release|x86.ActiveCfg = Release|x86
		{36151245-39E4-446A-94B3-3C3F4E00C762}.Release|x86.Build.0 = Release|x86
		{36151245-39E4-446A-94B3-3C3F4E00C762}.Release|x86.Deploy.0 = Release|x86
	EndGlobalSection
	GlobalSection(SolutionProperties) = preSolution
		HideSolutionNode = FALSE
	EndGlobalSection
	GlobalSection(ExtensibilityGlobals) = postSolution
		SolutionGuid = {D8AE4B6A-ACE5-4E3A-903B-0DB37060DE2F}
	EndGlobalSection
EndGlobal
